# @generated - this file is auto-generated by `mise lock` https://mise.jdx.dev/dev-tools/mise-lock.html

[[tools."github:haberdashpi/simple-src-docs"]]
version = "0.6.0"
backend = "github:haberdashpi/simple-src-docs"

[tools."github:haberdashpi/simple-src-docs"."platforms.linux-x64"]
url = "https://github.com/haberdashPI/simple-src-docs/releases/download/v0.6.0/simple-src-docs-x86_64-unknown-linux-gnu.tar.gz"
url_api = "https://api.github.com/repos/haberdashPI/simple-src-docs/releases/assets/239958856"

[tools."github:haberdashpi/simple-src-docs"."platforms.linux-x64-musl"]
url = "https://github.com/haberdashPI/simple-src-docs/releases/download/v0.6.0/simple-src-docs-x86_64-unknown-linux-gnu.tar.gz"
url_api = "https://api.github.com/repos/haberdashPI/simple-src-docs/releases/assets/239958856"

[tools."github:haberdashpi/simple-src-docs"."platforms.macos-arm64"]
url = "https://github.com/haberdashPI/simple-src-docs/releases/download/v0.6.0/simple-src-docs-aarch64-apple-darwin.tar.gz"
url_api = "https://api.github.com/repos/haberdashPI/simple-src-docs/releases/assets/239958855"

[tools."github:haberdashpi/simple-src-docs"."platforms.macos-x64"]
url = "https://github.com/haberdashPI/simple-src-docs/releases/download/v0.6.0/simple-src-docs-x86_64-apple-darwin.tar.gz"
url_api = "https://api.github.com/repos/haberdashPI/simple-src-docs/releases/assets/239958872"

[tools."github:haberdashpi/simple-src-docs"."platforms.windows-x64"]
url = "https://github.com/haberdashPI/simple-src-docs/releases/download/v0.6.0/simple-src-docs-x86_64-pc-windows-msvc.zip"
url_api = "https://api.github.com/repos/haberdashPI/simple-src-docs/releases/assets/239959149"

[[tools.node]]
version = "20.20.2"
backend = "core:node"

[tools.node."platforms.linux-arm64"]
checksum = "sha256:47ef73d543ecf6eb19435f6c03a0ac4809b3bf0dd6b26c7c571efc2a6572a74d"
url = "https://nodejs.org/dist/v20.20.2/node-v20.20.2-linux-arm64.tar.gz"

[tools.node."platforms.linux-arm64-musl"]
checksum = "sha256:47ef73d543ecf6eb19435f6c03a0ac4809b3bf0dd6b26c7c571efc2a6572a74d"
url = "https://nodejs.org/dist/v20.20.2/node-v20.20.2-linux-arm64.tar.gz"

[tools.node."platforms.linux-x64"]
checksum = "sha256:19e56f0825510207dd904f087fe52faa0a4eb6b2aab5f0ea7a33830d04888b8b"
url = "https://nodejs.org/dist/v20.20.2/node-v20.20.2-linux-x64.tar.gz"

[tools.node."platforms.linux-x64-musl"]
checksum = "sha256:19e56f0825510207dd904f087fe52faa0a4eb6b2aab5f0ea7a33830d04888b8b"
url = "https://nodejs.org/dist/v20.20.2/node-v20.20.2-linux-x64.tar.gz"

[tools.node."platforms.macos-arm64"]
checksum = "sha256:466e05f3477c20dfb723054dfebffe55bc74660ee77f612166fca121dacb65b6"
url = "https://nodejs.org/dist/v20.20.2/node-v20.20.2-darwin-arm64.tar.gz"

[tools.node."platforms.macos-x64"]
checksum = "sha256:8be6f5e4bb128c82774f8a0b8d7a1cc1365a7977d9657cece0ca647b3fe04e61"
url = "https://nodejs.org/dist/v20.20.2/node-v20.20.2-darwin-x64.tar.gz"

[tools.node."platforms.windows-x64"]
checksum = "sha256:dc3700fdd57a63eedb8fd7e3c7baaa32e6a740a1b904167ff4204bc68ed8bf77"
url = "https://nodejs.org/dist/v20.20.2/node-v20.20.2-win-x64.zip"

[[tools."npm:pnpm"]]
version = "10.13.1"
backend = "npm:pnpm"

[[tools."npm:typescript"]]
version = "5.8.3"
backend = "npm:typescript"

[[tools."npm:vsce"]]
version = "2.15.0"
backend = "npm:vsce"

[[tools."ubi:haberdashpi/simple-src-docs"]]
version = "0.6.0"
backend = "ubi:haberdashpi/simple-src-docs"

[[tools.watchexec]]
version = "2.3.2"
backend = "aqua:watchexec/watchexec"

[tools.watchexec."platforms.linux-arm64"]
checksum = "sha512:ddbd811740b3ce144b5c7cef1ef817bd497631466c4df48aafd473ec24b10ff85d8f31c2d4a4825ac10165bfa529df806ee3f53519493ae9c62fcbe44a316bfc"
url = "https://github.com/watchexec/watchexec/releases/download/v2.3.2/watchexec-2.3.2-aarch64-unknown-linux-gnu.tar.xz"

[tools.watchexec."platforms.linux-arm64-musl"]
checksum = "sha512:ddbd811740b3ce144b5c7cef1ef817bd497631466c4df48aafd473ec24b10ff85d8f31c2d4a4825ac10165bfa529df806ee3f53519493ae9c62fcbe44a316bfc"
url = "https://github.com/watchexec/watchexec/releases/download/v2.3.2/watchexec-2.3.2-aarch64-unknown-linux-gnu.tar.xz"

[tools.watchexec."platforms.linux-x64"]
checksum = "sha512:cc160b0a66903d55a4afe66c948a619f3149795aa8a40699ecec76164b8cc76fdf9a608caa5bad161f1a6c2d9353cf4e2f804e429020663c34b5aaabfb07fa90"
url = "https://github.com/watchexec/watchexec/releases/download/v2.3.2/watchexec-2.3.2-x86_64-unknown-linux-musl.tar.xz"

[tools.watchexec."platforms.linux-x64-musl"]
checksum = "sha512:cc160b0a66903d55a4afe66c948a619f3149795aa8a40699ecec76164b8cc76fdf9a608caa5bad161f1a6c2d9353cf4e2f804e429020663c34b5aaabfb07fa90"
url = "https://github.com/watchexec/watchexec/releases/download/v2.3.2/watchexec-2.3.2-x86_64-unknown-linux-musl.tar.xz"

[tools.watchexec."platforms.macos-arm64"]
checksum = "sha512:88ea43af48597f7dbfceb1783e131d53aabe920c2b253a1538cc4efeee686f01c1282821ddca5dd56cb490fc7105e4e1be2d55e523f873a980b9a19ea157d523"
url = "https://github.com/watchexec/watchexec/releases/download/v2.3.2/watchexec-2.3.2-aarch64-apple-darwin.tar.xz"

[tools.watchexec."platforms.macos-x64"]
checksum = "sha512:80899b26b9a8cf0fd751368d38ba33e79e2fddddf0208e73ddc207f5a199466667113a62d495359e366b0ae90e3e7733cb238ad0450d5ac4653f281cb377b21d"
url = "https://github.com/watchexec/watchexec/releases/download/v2.3.2/watchexec-2.3.2-x86_64-apple-darwin.tar.xz"

[tools.watchexec."platforms.windows-x64"]
checksum = "sha512:427b96192a49614ef4a70c298ad3f0ba601578f35352823cbeb62519823fcd40b4734d6651163c6cf9b34e481fbb53305ceb20795dc27b4062c51340a5c79351"
url = "https://github.com/watchexec/watchexec/releases/download/v2.3.2/watchexec-2.3.2-x86_64-pc-windows-msvc.zip"
